// !$*UTF8*$!
{
	archiveVersion = 1;
	classes = {
	};
	objectVersion = 50;
	objects = {

/* Begin PBXBuildFile section */
		7814AE13229234CB00346673 /* AppDelegate.swift in Sources */ = {isa = PBXBuildFile; fileRef = 7814AE12229234CB00346673 /* AppDelegate.swift */; };
		7814AE15229234CB00346673 /* EmojiSetViewController.swift in Sources */ = {isa = PBXBuildFile; fileRef = 7814AE14229234CB00346673 /* EmojiSetViewController.swift */; };
		7814AE18229234CB00346673 /* Main.storyboard in Resources */ = {isa = PBXBuildFile; fileRef = 7814AE16229234CB00346673 /* Main.storyboard */; };
		7814AE1A229234D100346673 /* Assets.xcassets in Resources */ = {isa = PBXBuildFile; fileRef = 7814AE19229234D100346673 /* Assets.xcassets */; };
		7814AE1D229234D100346673 /* LaunchScreen.storyboard in Resources */ = {isa = PBXBuildFile; fileRef = 7814AE1B229234D100346673 /* LaunchScreen.storyboard */; };
		7814AE25229245FF00346673 /* SetGame.swift in Sources */ = {isa = PBXBuildFile; fileRef = 7814AE24229245FF00346673 /* SetGame.swift */; };
		7814AE2B2292484200346673 /* Card.swift in Sources */ = {isa = PBXBuildFile; fileRef = 7814AE2A2292484200346673 /* Card.swift */; };
		783BD42022B7472D0045815F /* Features.swift in Sources */ = {isa = PBXBuildFile; fileRef = 783BD41F22B7472D0045815F /* Features.swift */; };
		785D3DF822A465CD0077969B /* Grid.swift in Sources */ = {isa = PBXBuildFile; fileRef = 785D3DF722A465CD0077969B /* Grid.swift */; };
		785D3DFC22A4B0200077969B /* GraphicalSetViewController.swift in Sources */ = {isa = PBXBuildFile; fileRef = 785D3DFB22A4B0200077969B /* GraphicalSetViewController.swift */; };
		78F0099622AEF78600FAD1D7 /* SetCardsScreen.swift in Sources */ = {isa = PBXBuildFile; fileRef = 78F0099522AEF78600FAD1D7 /* SetCardsScreen.swift */; };
		78F0099822AF07E600FAD1D7 /* SetGameButton.swift in Sources */ = {isa = PBXBuildFile; fileRef = 78F0099722AF07E600FAD1D7 /* SetGameButton.swift */; };
		8832B012229910450064463A /* Extensions.swift in Sources */ = {isa = PBXBuildFile; fileRef = 8832B011229910450064463A /* Extensions.swift */; };
		888D755A229E99F400FA20C4 /* Combinatorics.swift in Sources */ = {isa = PBXBuildFile; fileRef = 888D7559229E99F400FA20C4 /* Combinatorics.swift */; };
		888FA91322B095200038D59A /* SetCardView.swift in Sources */ = {isa = PBXBuildFile; fileRef = 888FA91222B095200038D59A /* SetCardView.swift */; };
/* End PBXBuildFile section */

/* Begin PBXFileReference section */
		7814AE0F229234CB00346673 /* Set.app */ = {isa = PBXFileReference; explicitFileType = wrapper.application; includeInIndex = 0; path = Set.app; sourceTree = BUILT_PRODUCTS_DIR; };
		7814AE12229234CB00346673 /* AppDelegate.swift */ = {isa = PBXFileReference; lastKnownFileType = sourcecode.swift; path = AppDelegate.swift; sourceTree = "<group>"; };
		7814AE14229234CB00346673 /* EmojiSetViewController.swift */ = {isa = PBXFileReference; lastKnownFileType = sourcecode.swift; path = EmojiSetViewController.swift; sourceTree = "<group>"; };
		7814AE17229234CB00346673 /* Base */ = {isa = PBXFileReference; lastKnownFileType = file.storyboard; name = Base; path = Base.lproj/Main.storyboard; sourceTree = "<group>"; };
		7814AE19229234D100346673 /* Assets.xcassets */ = {isa = PBXFileReference; lastKnownFileType = folder.assetcatalog; path = Assets.xcassets; sourceTree = "<group>"; };
		7814AE1C229234D100346673 /* Base */ = {isa = PBXFileReference; lastKnownFileType = file.storyboard; name = Base; path = Base.lproj/LaunchScreen.storyboard; sourceTree = "<group>"; };
		7814AE1E229234D100346673 /* Info.plist */ = {isa = PBXFileReference; lastKnownFileType = text.plist.xml; path = Info.plist; sourceTree = "<group>"; };
		7814AE24229245FF00346673 /* SetGame.swift */ = {isa = PBXFileReference; lastKnownFileType = sourcecode.swift; path = SetGame.swift; sourceTree = "<group>"; };
		7814AE2A2292484200346673 /* Card.swift */ = {isa = PBXFileReference; lastKnownFileType = sourcecode.swift; path = Card.swift; sourceTree = "<group>"; };
		783BD41F22B7472D0045815F /* Features.swift */ = {isa = PBXFileReference; lastKnownFileType = sourcecode.swift; path = Features.swift; sourceTree = "<group>"; };
		785D3DF722A465CD0077969B /* Grid.swift */ = {isa = PBXFileReference; lastKnownFileType = sourcecode.swift; path = Grid.swift; sourceTree = "<group>"; };
		785D3DFB22A4B0200077969B /* GraphicalSetViewController.swift */ = {isa = PBXFileReference; lastKnownFileType = sourcecode.swift; path = GraphicalSetViewController.swift; sourceTree = "<group>"; };
		78F0099522AEF78600FAD1D7 /* SetCardsScreen.swift */ = {isa = PBXFileReference; lastKnownFileType = sourcecode.swift; path = SetCardsScreen.swift; sourceTree = "<group>"; };
		78F0099722AF07E600FAD1D7 /* SetGameButton.swift */ = {isa = PBXFileReference; lastKnownFileType = sourcecode.swift; path = SetGameButton.swift; sourceTree = "<group>"; };
		8832B011229910450064463A /* Extensions.swift */ = {isa = PBXFileReference; lastKnownFileType = sourcecode.swift; path = Extensions.swift; sourceTree = "<group>"; };
		888D7559229E99F400FA20C4 /* Combinatorics.swift */ = {isa = PBXFileReference; lastKnownFileType = sourcecode.swift; path = Combinatorics.swift; sourceTree = "<group>"; };
		888FA91222B095200038D59A /* SetCardView.swift */ = {isa = PBXFileReference; lastKnownFileType = sourcecode.swift; path = SetCardView.swift; sourceTree = "<group>"; };
/* End PBXFileReference section */

/* Begin PBXFrameworksBuildPhase section */
		7814AE0C229234CB00346673 /* Frameworks */ = {
			isa = PBXFrameworksBuildPhase;
			buildActionMask = 2147483647;
			files = (
			);
			runOnlyForDeploymentPostprocessing = 0;
		};
/* End PBXFrameworksBuildPhase section */

/* Begin PBXGroup section */
		7814AE06229234CB00346673 = {
			isa = PBXGroup;
			children = (
				7814AE11229234CB00346673 /* Set */,
				7814AE10229234CB00346673 /* Products */,
			);
			sourceTree = "<group>";
		};
		7814AE10229234CB00346673 /* Products */ = {
			isa = PBXGroup;
			children = (
				7814AE0F229234CB00346673 /* Set.app */,
			);
			name = Products;
			sourceTree = "<group>";
		};
		7814AE11229234CB00346673 /* Set */ = {
			isa = PBXGroup;
			children = (
				7814AE1E229234D100346673 /* Info.plist */,
				7814AE262292460900346673 /* Model */,
				7814AE292292466F00346673 /* View */,
				7814AE272292462400346673 /* Controller */,
				7814AE282292464D00346673 /* Supporting Files */,
			);
			path = Set;
			sourceTree = "<group>";
		};
		7814AE262292460900346673 /* Model */ = {
			isa = PBXGroup;
			children = (
				783BD41F22B7472D0045815F /* Features.swift */,
				7814AE24229245FF00346673 /* SetGame.swift */,
				7814AE2A2292484200346673 /* Card.swift */,
				8832B011229910450064463A /* Extensions.swift */,
				888D7559229E99F400FA20C4 /* Combinatorics.swift */,
			);
			path = Model;
			sourceTree = "<group>";
		};
		7814AE272292462400346673 /* Controller */ = {
			isa = PBXGroup;
			children = (
				785D3DFB22A4B0200077969B /* GraphicalSetViewController.swift */,
				7814AE14229234CB00346673 /* EmojiSetViewController.swift */,
			);
			path = Controller;
			sourceTree = "<group>";
		};
		7814AE282292464D00346673 /* Supporting Files */ = {
			isa = PBXGroup;
			children = (
				7814AE19229234D100346673 /* Assets.xcassets */,
				7814AE12229234CB00346673 /* AppDelegate.swift */,
			);
			path = "Supporting Files";
			sourceTree = "<group>";
		};
		7814AE292292466F00346673 /* View */ = {
			isa = PBXGroup;
			children = (
				785D3DF722A465CD0077969B /* Grid.swift */,
				888FA91222B095200038D59A /* SetCardView.swift */,
				78F0099522AEF78600FAD1D7 /* SetCardsScreen.swift */,
				7814AE16229234CB00346673 /* Main.storyboard */,
				7814AE1B229234D100346673 /* LaunchScreen.storyboard */,
				78F0099722AF07E600FAD1D7 /* SetGameButton.swift */,
			);
			path = View;
			sourceTree = "<group>";
		};
/* End PBXGroup section */

/* Begin PBXNativeTarget section */
		7814AE0E229234CB00346673 /* Set */ = {
			isa = PBXNativeTarget;
			buildConfigurationList = 7814AE21229234D100346673 /* Build configuration list for PBXNativeTarget "Set" */;
			buildPhases = (
				7814AE0B229234CB00346673 /* Sources */,
				7814AE0C229234CB00346673 /* Frameworks */,
				7814AE0D229234CB00346673 /* Resources */,
			);
			buildRules = (
			);
			dependencies = (
			);
			name = Set;
			productName = Set;
			productReference = 7814AE0F229234CB00346673 /* Set.app */;
			productType = "com.apple.product-type.application";
		};
/* End PBXNativeTarget section */

/* Begin PBXProject section */
		7814AE07229234CB00346673 /* Project object */ = {
			isa = PBXProject;
			attributes = {
				LastSwiftUpdateCheck = 1020;
				LastUpgradeCheck = 1020;
				ORGANIZATIONNAME = "Ales Shenshin";
				TargetAttributes = {
					7814AE0E229234CB00346673 = {
						CreatedOnToolsVersion = 10.2;
						LastSwiftMigration = 1020;
					};
				};
			};
			buildConfigurationList = 7814AE0A229234CB00346673 /* Build configuration list for PBXProject "Set" */;
			compatibilityVersion = "Xcode 9.3";
			developmentRegion = en;
			hasScannedForEncodings = 0;
			knownRegions = (
				en,
				Base,
			);
			mainGroup = 7814AE06229234CB00346673;
			productRefGroup = 7814AE10229234CB00346673 /* Products */;
			projectDirPath = "";
			projectRoot = "";
			targets = (
				7814AE0E229234CB00346673 /* Set */,
			);
		};
/* End PBXProject section */

/* Begin PBXResourcesBuildPhase section */
		7814AE0D229234CB00346673 /* Resources */ = {
			isa = PBXResourcesBuildPhase;
			buildActionMask = 2147483647;
			files = (
				7814AE1D229234D100346673 /* LaunchScreen.storyboard in Resources */,
				7814AE1A229234D100346673 /* Assets.xcassets in Resources */,
				7814AE18229234CB00346673 /* Main.storyboard in Resources */,
			);
			runOnlyForDeploymentPostprocessing = 0;
		};
/* End PBXResourcesBuildPhase section */

/* Begin PBXSourcesBuildPhase section */
		7814AE0B229234CB00346673 /* Sources */ = {
			isa = PBXSourcesBuildPhase;
			buildActionMask = 2147483647;
			files = (
				8832B012229910450064463A /* Extensions.swift in Sources */,
				888FA91322B095200038D59A /* SetCardView.swift in Sources */,
				7814AE15229234CB00346673 /* EmojiSetViewController.swift in Sources */,
				7814AE25229245FF00346673 /* SetGame.swift in Sources */,
				888D755A229E99F400FA20C4 /* Combinatorics.swift in Sources */,
				78F0099622AEF78600FAD1D7 /* SetCardsScreen.swift in Sources */,
				7814AE13229234CB00346673 /* AppDelegate.swift in Sources */,
				785D3DFC22A4B0200077969B /* GraphicalSetViewController.swift in Sources */,
				785D3DF822A465CD0077969B /* Grid.swift in Sources */,
				783BD42022B7472D0045815F /* Features.swift in Sources */,
				78F0099822AF07E600FAD1D7 /* SetGameButton.swift in Sources */,
				7814AE2B2292484200346673 /* Card.swift in Sources */,
			);
			runOnlyForDeploymentPostprocessing = 0;
		};
/* End PBXSourcesBuildPhase section */

/* Begin PBXVariantGroup section */
		7814AE16229234CB00346673 /* Main.storyboard */ = {
			isa = PBXVariantGroup;
			children = (
				7814AE17229234CB00346673 /* Base */,
			);
			name = Main.storyboard;
			sourceTree = "<group>";
		};
		7814AE1B229234D100346673 /* LaunchScreen.storyboard */ = {
			isa = PBXVariantGroup;
			children = (
				7814AE1C229234D100346673 /* Base */,
			);
			name = LaunchScreen.storyboard;
			sourceTree = "<group>";
		};
/* End PBXVariantGroup section */

/* Begin XCBuildConfiguration section */
		7814AE1F229234D100346673 /* Debug */ = {
			isa = XCBuildConfiguration;
			buildSettings = {
				ALWAYS_SEARCH_USER_PATHS = NO;
				CLANG_ANALYZER_NONNULL = YES;
				CLANG_ANALYZER_NUMBER_OBJECT_CONVERSION = YES_AGGRESSIVE;
				CLANG_CXX_LANGUAGE_STANDARD = "gnu++14";
				CLANG_CXX_LIBRARY = "libc++";
				CLANG_ENABLE_MODULES = YES;
				CLANG_ENABLE_OBJC_ARC = YES;
				CLANG_ENABLE_OBJC_WEAK = YES;
				CLANG_WARN_BLOCK_CAPTURE_AUTORELEASING = YES;
				CLANG_WARN_BOOL_CONVERSION = YES;
				CLANG_WARN_COMMA = YES;
				CLANG_WARN_CONSTANT_CONVERSION = YES;
				CLANG_WARN_DEPRECATED_OBJC_IMPLEMENTATIONS = YES;
				CLANG_WARN_DIRECT_OBJC_ISA_USAGE = YES_ERROR;
				CLANG_WARN_DOCUMENTATION_COMMENTS = YES;
				CLANG_WARN_EMPTY_BODY = YES;
				CLANG_WARN_ENUM_CONVERSION = YES;
				CLANG_WARN_INFINITE_RECURSION = YES;
				CLANG_WARN_INT_CONVERSION = YES;
				CLANG_WARN_NON_LITERAL_NULL_CONVERSION = YES;
				CLANG_WARN_OBJC_IMPLICIT_RETAIN_SELF = YES;
				CLANG_WARN_OBJC_LITERAL_CONVERSION = YES;
				CLANG_WARN_OBJC_ROOT_CLASS = YES_ERROR;
				CLANG_WARN_RANGE_LOOP_ANALYSIS = YES;
				CLANG_WARN_STRICT_PROTOTYPES = YES;
				CLANG_WARN_SUSPICIOUS_MOVE = YES;
				CLANG_WARN_UNGUARDED_AVAILABILITY = YES_AGGRESSIVE;
				CLANG_WARN_UNREACHABLE_CODE = YES;
				CLANG_WARN__DUPLICATE_METHOD_MATCH = YES;
				CODE_SIGN_IDENTITY = "Apple Development: Alexander Shenshin (E7365MB54Z)";
				COPY_PHASE_STRIP = NO;
				DEBUG_INFORMATION_FORMAT = dwarf;
				ENABLE_STRICT_OBJC_MSGSEND = YES;
				ENABLE_TESTABILITY = YES;
				GCC_C_LANGUAGE_STANDARD = gnu11;
				GCC_DYNAMIC_NO_PIC = NO;
				GCC_NO_COMMON_BLOCKS = YES;
				GCC_OPTIMIZATION_LEVEL = 0;
				GCC_PREPROCESSOR_DEFINITIONS = (
					"DEBUG=1",
					"$(inherited)",
				);
				GCC_WARN_64_TO_32_BIT_CONVERSION = YES;
				GCC_WARN_ABOUT_RETURN_TYPE = YES_ERROR;
				GCC_WARN_UNDECLARED_SELECTOR = YES;
				GCC_WARN_UNINITIALIZED_AUTOS = YES_AGGRESSIVE;
				GCC_WARN_UNUSED_FUNCTION = YES;
				GCC_WARN_UNUSED_VARIABLE = YES;
				IPHONEOS_DEPLOYMENT_TARGET = 12.4;
				MTL_ENABLE_DEBUG_INFO = INCLUDE_SOURCE;
				MTL_FAST_MATH = YES;
				ONLY_ACTIVE_ARCH = YES;
				SDKROOT = iphoneos;
				SWIFT_ACTIVE_COMPILATION_CONDITIONS = DEBUG;
				SWIFT_OPTIMIZATION_LEVEL = "-Onone";
				SWIFT_VERSION = 4.2;
				TARGETED_DEVICE_FAMILY = "1,2";
			};
			name = Debug;
		};
		7814AE20229234D100346673 /* Release */ = {
			isa = XCBuildConfiguration;
			buildSettings = {
				ALWAYS_SEARCH_USER_PATHS = NO;
				CLANG_ANALYZER_NONNULL = YES;
				CLANG_ANALYZER_NUMBER_OBJECT_CONVERSION = YES_AGGRESSIVE;
				CLANG_CXX_LANGUAGE_STANDARD = "gnu++14";
				CLANG_CXX_LIBRARY = "libc++";
				CLANG_ENABLE_MODULES = YES;
				CLANG_ENABLE_OBJC_ARC = YES;
				CLANG_ENABLE_OBJC_WEAK = YES;
				CLANG_WARN_BLOCK_CAPTURE_AUTORELEASING = YES;
				CLANG_WARN_BOOL_CONVERSION = YES;
				CLANG_WARN_COMMA = YES;
				CLANG_WARN_CONSTANT_CONVERSION = YES;
				CLANG_WARN_DEPRECATED_OBJC_IMPLEMENTATIONS = YES;
				CLANG_WARN_DIRECT_OBJC_ISA_USAGE = YES_ERROR;
				CLANG_WARN_DOCUMENTATION_COMMENTS = YES;
				CLANG_WARN_EMPTY_BODY = YES;
				CLANG_WARN_ENUM_CONVERSION = YES;
				CLANG_WARN_INFINITE_RECURSION = YES;
				CLANG_WARN_INT_CONVERSION = YES;
				CLANG_WARN_NON_LITERAL_NULL_CONVERSION = YES;
				CLANG_WARN_OBJC_IMPLICIT_RETAIN_SELF = YES;
				CLANG_WARN_OBJC_LITERAL_CONVERSION = YES;
				CLANG_WARN_OBJC_ROOT_CLASS = YES_ERROR;
				CLANG_WARN_RANGE_LOOP_ANALYSIS = YES;
				CLANG_WARN_STRICT_PROTOTYPES = YES;
				CLANG_WARN_SUSPICIOUS_MOVE = YES;
				CLANG_WARN_UNGUARDED_AVAILABILITY = YES_AGGRESSIVE;
				CLANG_WARN_UNREACHABLE_CODE = YES;
				CLANG_WARN__DUPLICATE_METHOD_MATCH = YES;
				CODE_SIGN_IDENTITY = "Apple Development: Alexander Shenshin (E7365MB54Z)";
				COPY_PHASE_STRIP = NO;
				DEBUG_INFORMATION_FORMAT = "dwarf-with-dsym";
				ENABLE_NS_ASSERTIONS = NO;
				ENABLE_STRICT_OBJC_MSGSEND = YES;
				GCC_C_LANGUAGE_STANDARD = gnu11;
				GCC_NO_COMMON_BLOCKS = YES;
				GCC_WARN_64_TO_32_BIT_CONVERSION = YES;
				GCC_WARN_ABOUT_RETURN_TYPE = YES_ERROR;
				GCC_WARN_UNDECLARED_SELECTOR = YES;
				GCC_WARN_UNINITIALIZED_AUTOS = YES_AGGRESSIVE;
				GCC_WARN_UNUSED_FUNCTION = YES;
				GCC_WARN_UNUSED_VARIABLE = YES;
				IPHONEOS_DEPLOYMENT_TARGET = 12.4;
				MTL_ENABLE_DEBUG_INFO = NO;
				MTL_FAST_MATH = YES;
				SDKROOT = iphoneos;
				SWIFT_COMPILATION_MODE = wholemodule;
				SWIFT_OPTIMIZATION_LEVEL = "-O";
				SWIFT_VERSION = 4.2;
				TARGETED_DEVICE_FAMILY = "1,2";
				VALIDATE_PRODUCT = YES;
			};
			name = Release;
		};
		7814AE22229234D100346673 /* Debug */ = {
			isa = XCBuildConfiguration;
			buildSettings = {
				ASSETCATALOG_COMPILER_APPICON_NAME = AppIcon;
				CODE_SIGN_IDENTITY = "iPhone Developer";
				CODE_SIGN_STYLE = Automatic;
				DEVELOPMENT_TEAM = ZSCD3BWGW9;
				INFOPLIST_FILE = Set/Info.plist;
				IPHONEOS_DEPLOYMENT_TARGET = 12.4;
				LD_RUNPATH_SEARCH_PATHS = (
					"$(inherited)",
					"@executable_path/Frameworks",
				);
				PRODUCT_BUNDLE_IDENTIFIER = com.shenshin.Set;
				PRODUCT_NAME = "$(TARGET_NAME)";
				SWIFT_VERSION = 4.2;
				TARGETED_DEVICE_FAMILY = "1,2";
			};
			name = Debug;
		};
		7814AE23229234D100346673 /* Release */ = {
			isa = XCBuildConfiguration;
			buildSettings = {
				ASSETCATALOG_COMPILER_APPICON_NAME = AppIcon;
				CODE_SIGN_IDENTITY = "iPhone Developer";
				CODE_SIGN_STYLE = Automatic;
				DEVELOPMENT_TEAM = ZSCD3BWGW9;
				INFOPLIST_FILE = Set/Info.plist;
				IPHONEOS_DEPLOYMENT_TARGET = 12.4;
				LD_RUNPATH_SEARCH_PATHS = (
					"$(inherited)",
					"@executable_path/Frameworks",
				);
				PRODUCT_BUNDLE_IDENTIFIER = com.shenshin.Set;
				PRODUCT_NAME = "$(TARGET_NAME)";
				SWIFT_VERSION = 4.2;
				TARGETED_DEVICE_FAMILY = "1,2";
			};
			name = Release;
		};
/* End XCBuildConfiguration section */

/* Begin XCConfigurationList section */
		7814AE0A229234CB00346673 /* Build configuration list for PBXProject "Set" */ = {
			isa = XCConfigurationList;
			buildConfigurations = (
				7814AE1F229234D100346673 /* Debug */,
				7814AE20229234D100346673 /* Release */,
			);
			defaultConfigurationIsVisible = 0;
			defaultConfigurationName = Release;
		};
		7814AE21229234D100346673 /* Build configuration list for PBXNativeTarget "Set" */ = {
			isa = XCConfigurationList;
			buildConfigurations = (
				7814AE22229234D100346673 /* Debug */,
				7814AE23229234D100346673 /* Release */,
			);
			defaultConfigurationIsVisible = 0;
			defaultConfigurationName = Release;
		};
/* End XCConfigurationList section */
	};
	rootObject = 7814AE07229234CB00346673 /* Project object */;
}
